// !$*UTF8*$!
{
	archiveVersion = 1;
	classes = {
	};
	objectVersion = 56;
	objects = {

/* Begin PBXBuildFile section */
		9826CF162B026C52003942C8 /* AlamofireImage in Frameworks */ = {isa = PBXBuildFile; productRef = 9826CF152B026C52003942C8 /* AlamofireImage */; };
		9873C3662AEFCB9100E776E2 /* AuthManager.swift in Sources */ = {isa = PBXBuildFile; fileRef = 9873C3652AEFCB9100E776E2 /* AuthManager.swift */; };
		9873C3692AEFCD7B00E776E2 /* TabBarController.swift in Sources */ = {isa = PBXBuildFile; fileRef = 9873C3682AEFCD7B00E776E2 /* TabBarController.swift */; };
		9873C36C2AEFCDB000E776E2 /* WelcomeVC.swift in Sources */ = {isa = PBXBuildFile; fileRef = 9873C36B2AEFCDB000E776E2 /* WelcomeVC.swift */; };
		9873C36E2AEFCDCF00E776E2 /* WelcomeStoryboard.storyboard in Resources */ = {isa = PBXBuildFile; fileRef = 9873C36D2AEFCDCF00E776E2 /* WelcomeStoryboard.storyboard */; };
		9873C3702AEFCF4900E776E2 /* AuthStoryboard.storyboard in Resources */ = {isa = PBXBuildFile; fileRef = 9873C36F2AEFCF4900E776E2 /* AuthStoryboard.storyboard */; };
		9873C3722AEFCF5C00E776E2 /* AuthVC.swift in Sources */ = {isa = PBXBuildFile; fileRef = 9873C3712AEFCF5C00E776E2 /* AuthVC.swift */; };
		9873C3762AEFEBCF00E776E2 /* Alamofire in Frameworks */ = {isa = PBXBuildFile; productRef = 9873C3752AEFEBCF00E776E2 /* Alamofire */; };
		9873C3792AEFF6E600E776E2 /* AuthResponce.swift in Sources */ = {isa = PBXBuildFile; fileRef = 9873C3782AEFF6E600E776E2 /* AuthResponce.swift */; };
		98A706C82B08CC390007CF4A /* bell.mp3 in Resources */ = {isa = PBXBuildFile; fileRef = 98A706C62B08CC380007CF4A /* bell.mp3 */; };
		98A706C92B08CC390007CF4A /* tickle.mp3 in Resources */ = {isa = PBXBuildFile; fileRef = 98A706C72B08CC390007CF4A /* tickle.mp3 */; };
		98A706CC2B08E1BF0007CF4A /* Notification.swift in Sources */ = {isa = PBXBuildFile; fileRef = 98A706CB2B08E1BF0007CF4A /* Notification.swift */; };
		98A706CF2B08E1E90007CF4A /* DateExtension.swift in Sources */ = {isa = PBXBuildFile; fileRef = 98A706CE2B08E1E90007CF4A /* DateExtension.swift */; };
		98A706D12B08E1FE0007CF4A /* AlarmInfo.swift in Sources */ = {isa = PBXBuildFile; fileRef = 98A706D02B08E1FE0007CF4A /* AlarmInfo.swift */; };
		98A706D32B08E2110007CF4A /* AlarmStore.swift in Sources */ = {isa = PBXBuildFile; fileRef = 98A706D22B08E2110007CF4A /* AlarmStore.swift */; };
		98A706D52B08E2260007CF4A /* Day.swift in Sources */ = {isa = PBXBuildFile; fileRef = 98A706D42B08E2260007CF4A /* Day.swift */; };
		98A706D72B08E2680007CF4A /* AlarmHeaderView.swift in Sources */ = {isa = PBXBuildFile; fileRef = 98A706D62B08E2680007CF4A /* AlarmHeaderView.swift */; };
		98A706DB2B08E2AD0007CF4A /* AlarmOtherTVC.swift in Sources */ = {isa = PBXBuildFile; fileRef = 98A706DA2B08E2AD0007CF4A /* AlarmOtherTVC.swift */; };
		98A706DD2B08E2CB0007CF4A /* AddAlarmTVC.swift in Sources */ = {isa = PBXBuildFile; fileRef = 98A706DC2B08E2CB0007CF4A /* AddAlarmTVC.swift */; };
		98A706DF2B08E2ED0007CF4A /* AddAlarmButtonTableViewCell.swift in Sources */ = {isa = PBXBuildFile; fileRef = 98A706DE2B08E2ED0007CF4A /* AddAlarmButtonTableViewCell.swift */; };
		98A706E32B08E3AE0007CF4A /* AddAlarmVC.swift in Sources */ = {isa = PBXBuildFile; fileRef = 98A706E22B08E3AE0007CF4A /* AddAlarmVC.swift */; };
		98A706E52B08E3D90007CF4A /* AlarmLabelVC.swift in Sources */ = {isa = PBXBuildFile; fileRef = 98A706E42B08E3D90007CF4A /* AlarmLabelVC.swift */; };
		98A706E72B08E4160007CF4A /* RepeatAlarmVC.swift in Sources */ = {isa = PBXBuildFile; fileRef = 98A706E62B08E4160007CF4A /* RepeatAlarmVC.swift */; };
		98A706E92B08E4420007CF4A /* SoundsVC.swift in Sources */ = {isa = PBXBuildFile; fileRef = 98A706E82B08E4420007CF4A /* SoundsVC.swift */; };
		98A706EC2B08E4E10007CF4A /* SnapKit in Frameworks */ = {isa = PBXBuildFile; productRef = 98A706EB2B08E4E10007CF4A /* SnapKit */; };
		98DC46962B0908FB009B7580 /* AlarmTVC.swift in Sources */ = {isa = PBXBuildFile; fileRef = 98DC46952B0908FB009B7580 /* AlarmTVC.swift */; };
		98F550302AFBB4BD00EC0E1B /* ApiCaller.swift in Sources */ = {isa = PBXBuildFile; fileRef = 98F5502F2AFBB4BC00EC0E1B /* ApiCaller.swift */; };
		98F550322AFBB57100EC0E1B /* UserProfile.swift in Sources */ = {isa = PBXBuildFile; fileRef = 98F550312AFBB57100EC0E1B /* UserProfile.swift */; };
		98F550352AFBBE1600EC0E1B /* ProfileVC.swift in Sources */ = {isa = PBXBuildFile; fileRef = 98F550342AFBBE1600EC0E1B /* ProfileVC.swift */; };
		98FAA6012AE92D7600AEC16C /* AppDelegate.swift in Sources */ = {isa = PBXBuildFile; fileRef = 98FAA6002AE92D7600AEC16C /* AppDelegate.swift */; };
		98FAA6032AE92D7600AEC16C /* SceneDelegate.swift in Sources */ = {isa = PBXBuildFile; fileRef = 98FAA6022AE92D7600AEC16C /* SceneDelegate.swift */; };
		98FAA6082AE92D7600AEC16C /* Main.storyboard in Resources */ = {isa = PBXBuildFile; fileRef = 98FAA6062AE92D7600AEC16C /* Main.storyboard */; };
		98FAA60D2AE92D7800AEC16C /* Assets.xcassets in Resources */ = {isa = PBXBuildFile; fileRef = 98FAA60C2AE92D7800AEC16C /* Assets.xcassets */; };
		98FAA6102AE92D7800AEC16C /* LaunchScreen.storyboard in Resources */ = {isa = PBXBuildFile; fileRef = 98FAA60E2AE92D7800AEC16C /* LaunchScreen.storyboard */; };
/* End PBXBuildFile section */

/* Begin PBXFileReference section */
		9873C3652AEFCB9100E776E2 /* AuthManager.swift */ = {isa = PBXFileReference; lastKnownFileType = sourcecode.swift; path = AuthManager.swift; sourceTree = "<group>"; };
		9873C3682AEFCD7B00E776E2 /* TabBarController.swift */ = {isa = PBXFileReference; lastKnownFileType = sourcecode.swift; path = TabBarController.swift; sourceTree = "<group>"; };
		9873C36B2AEFCDB000E776E2 /* WelcomeVC.swift */ = {isa = PBXFileReference; lastKnownFileType = sourcecode.swift; path = WelcomeVC.swift; sourceTree = "<group>"; };
		9873C36D2AEFCDCF00E776E2 /* WelcomeStoryboard.storyboard */ = {isa = PBXFileReference; lastKnownFileType = file.storyboard; path = WelcomeStoryboard.storyboard; sourceTree = "<group>"; };
		9873C36F2AEFCF4900E776E2 /* AuthStoryboard.storyboard */ = {isa = PBXFileReference; lastKnownFileType = file.storyboard; path = AuthStoryboard.storyboard; sourceTree = "<group>"; };
		9873C3712AEFCF5C00E776E2 /* AuthVC.swift */ = {isa = PBXFileReference; lastKnownFileType = sourcecode.swift; path = AuthVC.swift; sourceTree = "<group>"; };
		9873C3782AEFF6E600E776E2 /* AuthResponce.swift */ = {isa = PBXFileReference; lastKnownFileType = sourcecode.swift; path = AuthResponce.swift; sourceTree = "<group>"; };
		98A706C62B08CC380007CF4A /* bell.mp3 */ = {isa = PBXFileReference; lastKnownFileType = audio.mp3; name = bell.mp3; path = Clocky/bell.mp3; sourceTree = "<group>"; };
		98A706C72B08CC390007CF4A /* tickle.mp3 */ = {isa = PBXFileReference; lastKnownFileType = audio.mp3; name = tickle.mp3; path = Clocky/tickle.mp3; sourceTree = "<group>"; };
		98A706CB2B08E1BF0007CF4A /* Notification.swift */ = {isa = PBXFileReference; lastKnownFileType = sourcecode.swift; path = Notification.swift; sourceTree = "<group>"; };
		98A706CE2B08E1E90007CF4A /* DateExtension.swift */ = {isa = PBXFileReference; lastKnownFileType = sourcecode.swift; path = DateExtension.swift; sourceTree = "<group>"; };
		98A706D02B08E1FE0007CF4A /* AlarmInfo.swift */ = {isa = PBXFileReference; lastKnownFileType = sourcecode.swift; path = AlarmInfo.swift; sourceTree = "<group>"; };
		98A706D22B08E2110007CF4A /* AlarmStore.swift */ = {isa = PBXFileReference; lastKnownFileType = sourcecode.swift; path = AlarmStore.swift; sourceTree = "<group>"; };
		98A706D42B08E2260007CF4A /* Day.swift */ = {isa = PBXFileReference; lastKnownFileType = sourcecode.swift; path = Day.swift; sourceTree = "<group>"; };
		98A706D62B08E2680007CF4A /* AlarmHeaderView.swift */ = {isa = PBXFileReference; lastKnownFileType = sourcecode.swift; path = AlarmHeaderView.swift; sourceTree = "<group>"; };
		98A706DA2B08E2AD0007CF4A /* AlarmOtherTVC.swift */ = {isa = PBXFileReference; lastKnownFileType = sourcecode.swift; path = AlarmOtherTVC.swift; sourceTree = "<group>"; };
		98A706DC2B08E2CB0007CF4A /* AddAlarmTVC.swift */ = {isa = PBXFileReference; lastKnownFileType = sourcecode.swift; path = AddAlarmTVC.swift; sourceTree = "<group>"; };
		98A706DE2B08E2ED0007CF4A /* AddAlarmButtonTableViewCell.swift */ = {isa = PBXFileReference; lastKnownFileType = sourcecode.swift; path = AddAlarmButtonTableViewCell.swift; sourceTree = "<group>"; };
		98A706E22B08E3AE0007CF4A /* AddAlarmVC.swift */ = {isa = PBXFileReference; lastKnownFileType = sourcecode.swift; path = AddAlarmVC.swift; sourceTree = "<group>"; };
		98A706E42B08E3D90007CF4A /* AlarmLabelVC.swift */ = {isa = PBXFileReference; lastKnownFileType = sourcecode.swift; path = AlarmLabelVC.swift; sourceTree = "<group>"; };
		98A706E62B08E4160007CF4A /* RepeatAlarmVC.swift */ = {isa = PBXFileReference; lastKnownFileType = sourcecode.swift; path = RepeatAlarmVC.swift; sourceTree = "<group>"; };
		98A706E82B08E4420007CF4A /* SoundsVC.swift */ = {isa = PBXFileReference; lastKnownFileType = sourcecode.swift; path = SoundsVC.swift; sourceTree = "<group>"; };
		98DC46952B0908FB009B7580 /* AlarmTVC.swift */ = {isa = PBXFileReference; lastKnownFileType = sourcecode.swift; path = AlarmTVC.swift; sourceTree = "<group>"; };
		98F5502F2AFBB4BC00EC0E1B /* ApiCaller.swift */ = {isa = PBXFileReference; lastKnownFileType = sourcecode.swift; path = ApiCaller.swift; sourceTree = "<group>"; };
		98F550312AFBB57100EC0E1B /* UserProfile.swift */ = {isa = PBXFileReference; lastKnownFileType = sourcecode.swift; path = UserProfile.swift; sourceTree = "<group>"; };
		98F550342AFBBE1600EC0E1B /* ProfileVC.swift */ = {isa = PBXFileReference; lastKnownFileType = sourcecode.swift; path = ProfileVC.swift; sourceTree = "<group>"; };
		98FAA5FD2AE92D7600AEC16C /* Clocky.app */ = {isa = PBXFileReference; explicitFileType = wrapper.application; includeInIndex = 0; path = Clocky.app; sourceTree = BUILT_PRODUCTS_DIR; };
		98FAA6002AE92D7600AEC16C /* AppDelegate.swift */ = {isa = PBXFileReference; lastKnownFileType = sourcecode.swift; path = AppDelegate.swift; sourceTree = "<group>"; };
		98FAA6022AE92D7600AEC16C /* SceneDelegate.swift */ = {isa = PBXFileReference; lastKnownFileType = sourcecode.swift; path = SceneDelegate.swift; sourceTree = "<group>"; };
		98FAA6072AE92D7600AEC16C /* Base */ = {isa = PBXFileReference; lastKnownFileType = file.storyboard; name = Base; path = Base.lproj/Main.storyboard; sourceTree = "<group>"; };
		98FAA60C2AE92D7800AEC16C /* Assets.xcassets */ = {isa = PBXFileReference; lastKnownFileType = folder.assetcatalog; path = Assets.xcassets; sourceTree = "<group>"; };
		98FAA60F2AE92D7800AEC16C /* Base */ = {isa = PBXFileReference; lastKnownFileType = file.storyboard; name = Base; path = Base.lproj/LaunchScreen.storyboard; sourceTree = "<group>"; };
		98FAA6112AE92D7800AEC16C /* Info.plist */ = {isa = PBXFileReference; lastKnownFileType = text.plist.xml; path = Info.plist; sourceTree = "<group>"; };
/* End PBXFileReference section */

/* Begin PBXFrameworksBuildPhase section */
		98FAA5FA2AE92D7600AEC16C /* Frameworks */ = {
			isa = PBXFrameworksBuildPhase;
			buildActionMask = 2147483647;
			files = (
				98A706EC2B08E4E10007CF4A /* SnapKit in Frameworks */,
				9873C3762AEFEBCF00E776E2 /* Alamofire in Frameworks */,
				9826CF162B026C52003942C8 /* AlamofireImage in Frameworks */,
			);
			runOnlyForDeploymentPostprocessing = 0;
		};
/* End PBXFrameworksBuildPhase section */

/* Begin PBXGroup section */
		9873C35F2AEFCACE00E776E2 /* Views */ = {
			isa = PBXGroup;
			children = (
				98FAA60E2AE92D7800AEC16C /* LaunchScreen.storyboard */,
				9873C36D2AEFCDCF00E776E2 /* WelcomeStoryboard.storyboard */,
				9873C36F2AEFCF4900E776E2 /* AuthStoryboard.storyboard */,
				98FAA6062AE92D7600AEC16C /* Main.storyboard */,
				98A706D62B08E2680007CF4A /* AlarmHeaderView.swift */,
				98A706DA2B08E2AD0007CF4A /* AlarmOtherTVC.swift */,
				98A706DC2B08E2CB0007CF4A /* AddAlarmTVC.swift */,
				98A706DE2B08E2ED0007CF4A /* AddAlarmButtonTableViewCell.swift */,
			);
			path = Views;
			sourceTree = "<group>";
		};
		9873C3602AEFCAE200E776E2 /* Controllers */ = {
			isa = PBXGroup;
			children = (
				9873C36A2AEFCD9C00E776E2 /* Welcome */,
				9873C3732AEFCF6E00E776E2 /* AuthVC */,
				9873C3622AEFCB2700E776E2 /* HomeVC */,
				98A706E22B08E3AE0007CF4A /* AddAlarmVC.swift */,
				98A706E42B08E3D90007CF4A /* AlarmLabelVC.swift */,
				98A706E62B08E4160007CF4A /* RepeatAlarmVC.swift */,
				98A706E82B08E4420007CF4A /* SoundsVC.swift */,
				98DC46952B0908FB009B7580 /* AlarmTVC.swift */,
			);
			path = Controllers;
			sourceTree = "<group>";
		};
		9873C3612AEFCAEF00E776E2 /* Managers */ = {
			isa = PBXGroup;
			children = (
				9873C3652AEFCB9100E776E2 /* AuthManager.swift */,
				98F5502F2AFBB4BC00EC0E1B /* ApiCaller.swift */,
			);
			path = Managers;
			sourceTree = "<group>";
		};
		9873C3622AEFCB2700E776E2 /* HomeVC */ = {
			isa = PBXGroup;
			children = (
				9873C3672AEFCD3800E776E2 /* TabBarVC */,
				98F550342AFBBE1600EC0E1B /* ProfileVC.swift */,
			);
			path = HomeVC;
			sourceTree = "<group>";
		};
		9873C3672AEFCD3800E776E2 /* TabBarVC */ = {
			isa = PBXGroup;
			children = (
				9873C3682AEFCD7B00E776E2 /* TabBarController.swift */,
			);
			path = TabBarVC;
			sourceTree = "<group>";
		};
		9873C36A2AEFCD9C00E776E2 /* Welcome */ = {
			isa = PBXGroup;
			children = (
				9873C36B2AEFCDB000E776E2 /* WelcomeVC.swift */,
			);
			path = Welcome;
			sourceTree = "<group>";
		};
		9873C3732AEFCF6E00E776E2 /* AuthVC */ = {
			isa = PBXGroup;
			children = (
				9873C3712AEFCF5C00E776E2 /* AuthVC.swift */,
			);
			path = AuthVC;
			sourceTree = "<group>";
		};
		9873C3772AEFF6DA00E776E2 /* Models */ = {
			isa = PBXGroup;
			children = (
				9873C3782AEFF6E600E776E2 /* AuthResponce.swift */,
				98F550312AFBB57100EC0E1B /* UserProfile.swift */,
				98A706D02B08E1FE0007CF4A /* AlarmInfo.swift */,
				98A706D22B08E2110007CF4A /* AlarmStore.swift */,
				98A706D42B08E2260007CF4A /* Day.swift */,
			);
			path = Models;
			sourceTree = "<group>";
		};
		98A706CA2B08E1AC0007CF4A /* Helper */ = {
			isa = PBXGroup;
			children = (
				98A706CB2B08E1BF0007CF4A /* Notification.swift */,
			);
			path = Helper;
			sourceTree = "<group>";
		};
		98A706CD2B08E1D70007CF4A /* Extencions */ = {
			isa = PBXGroup;
			children = (
				98A706CE2B08E1E90007CF4A /* DateExtension.swift */,
			);
			path = Extencions;
			sourceTree = "<group>";
		};
		98FAA5F42AE92D7600AEC16C = {
			isa = PBXGroup;
			children = (
				98FAA5FF2AE92D7600AEC16C /* Clocky */,
				98A706C62B08CC380007CF4A /* bell.mp3 */,
				98A706C72B08CC390007CF4A /* tickle.mp3 */,
				98FAA5FE2AE92D7600AEC16C /* Products */,
			);
			sourceTree = "<group>";
		};
		98FAA5FE2AE92D7600AEC16C /* Products */ = {
			isa = PBXGroup;
			children = (
				98FAA5FD2AE92D7600AEC16C /* Clocky.app */,
			);
			name = Products;
			sourceTree = "<group>";
		};
		98FAA5FF2AE92D7600AEC16C /* Clocky */ = {
			isa = PBXGroup;
			children = (
				98A706CD2B08E1D70007CF4A /* Extencions */,
				98A706CA2B08E1AC0007CF4A /* Helper */,
				9873C3772AEFF6DA00E776E2 /* Models */,
				9873C3612AEFCAEF00E776E2 /* Managers */,
				9873C35F2AEFCACE00E776E2 /* Views */,
				9873C3602AEFCAE200E776E2 /* Controllers */,
				98FAA6172AE930F000AEC16C /* App */,
				98FAA6112AE92D7800AEC16C /* Info.plist */,
				98FAA60C2AE92D7800AEC16C /* Assets.xcassets */,
			);
			path = Clocky;
			sourceTree = "<group>";
		};
		98FAA6172AE930F000AEC16C /* App */ = {
			isa = PBXGroup;
			children = (
				98FAA6022AE92D7600AEC16C /* SceneDelegate.swift */,
				98FAA6002AE92D7600AEC16C /* AppDelegate.swift */,
			);
			path = App;
			sourceTree = "<group>";
		};
/* End PBXGroup section */

/* Begin PBXNativeTarget section */
		98FAA5FC2AE92D7600AEC16C /* Clocky */ = {
			isa = PBXNativeTarget;
			buildConfigurationList = 98FAA6142AE92D7800AEC16C /* Build configuration list for PBXNativeTarget "Clocky" */;
			buildPhases = (
				98FAA5F92AE92D7600AEC16C /* Sources */,
				98FAA5FA2AE92D7600AEC16C /* Frameworks */,
				98FAA5FB2AE92D7600AEC16C /* Resources */,
			);
			buildRules = (
			);
			dependencies = (
			);
			name = Clocky;
			packageProductDependencies = (
				9873C3752AEFEBCF00E776E2 /* Alamofire */,
				9826CF152B026C52003942C8 /* AlamofireImage */,
				98A706EB2B08E4E10007CF4A /* SnapKit */,
			);
			productName = Clocky;
			productReference = 98FAA5FD2AE92D7600AEC16C /* Clocky.app */;
			productType = "com.apple.product-type.application";
		};
/* End PBXNativeTarget section */

/* Begin PBXProject section */
		98FAA5F52AE92D7600AEC16C /* Project object */ = {
			isa = PBXProject;
			attributes = {
				BuildIndependentTargetsInParallel = 1;
				LastSwiftUpdateCheck = 1500;
				LastUpgradeCheck = 1500;
				TargetAttributes = {
					98FAA5FC2AE92D7600AEC16C = {
						CreatedOnToolsVersion = 15.0;
					};
				};
			};
			buildConfigurationList = 98FAA5F82AE92D7600AEC16C /* Build configuration list for PBXProject "Clocky" */;
			compatibilityVersion = "Xcode 14.0";
			developmentRegion = en;
			hasScannedForEncodings = 0;
			knownRegions = (
				en,
				Base,
			);
			mainGroup = 98FAA5F42AE92D7600AEC16C;
			packageReferences = (
				9873C3742AEFEBCF00E776E2 /* XCRemoteSwiftPackageReference "Alamofire" */,
				9826CF142B026C52003942C8 /* XCRemoteSwiftPackageReference "AlamofireImage" */,
				98A706EA2B08E4E10007CF4A /* XCRemoteSwiftPackageReference "SnapKit" */,
			);
			productRefGroup = 98FAA5FE2AE92D7600AEC16C /* Products */;
			projectDirPath = "";
			projectRoot = "";
			targets = (
				98FAA5FC2AE92D7600AEC16C /* Clocky */,
			);
		};
/* End PBXProject section */

/* Begin PBXResourcesBuildPhase section */
		98FAA5FB2AE92D7600AEC16C /* Resources */ = {
			isa = PBXResourcesBuildPhase;
			buildActionMask = 2147483647;
			files = (
				9873C36E2AEFCDCF00E776E2 /* WelcomeStoryboard.storyboard in Resources */,
				9873C3702AEFCF4900E776E2 /* AuthStoryboard.storyboard in Resources */,
				98A706C92B08CC390007CF4A /* tickle.mp3 in Resources */,
				98FAA6102AE92D7800AEC16C /* LaunchScreen.storyboard in Resources */,
				98FAA60D2AE92D7800AEC16C /* Assets.xcassets in Resources */,
				98FAA6082AE92D7600AEC16C /* Main.storyboard in Resources */,
				98A706C82B08CC390007CF4A /* bell.mp3 in Resources */,
			);
			runOnlyForDeploymentPostprocessing = 0;
		};
/* End PBXResourcesBuildPhase section */

/* Begin PBXSourcesBuildPhase section */
		98FAA5F92AE92D7600AEC16C /* Sources */ = {
			isa = PBXSourcesBuildPhase;
			buildActionMask = 2147483647;
			files = (
				98A706E92B08E4420007CF4A /* SoundsVC.swift in Sources */,
				98A706DF2B08E2ED0007CF4A /* AddAlarmButtonTableViewCell.swift in Sources */,
				9873C3662AEFCB9100E776E2 /* AuthManager.swift in Sources */,
				98F550322AFBB57100EC0E1B /* UserProfile.swift in Sources */,
				98A706D52B08E2260007CF4A /* Day.swift in Sources */,
				98FAA6012AE92D7600AEC16C /* AppDelegate.swift in Sources */,
				98DC46962B0908FB009B7580 /* AlarmTVC.swift in Sources */,
				98A706D12B08E1FE0007CF4A /* AlarmInfo.swift in Sources */,
				9873C36C2AEFCDB000E776E2 /* WelcomeVC.swift in Sources */,
				9873C3722AEFCF5C00E776E2 /* AuthVC.swift in Sources */,
				98A706E72B08E4160007CF4A /* RepeatAlarmVC.swift in Sources */,
				98A706CF2B08E1E90007CF4A /* DateExtension.swift in Sources */,
				9873C3692AEFCD7B00E776E2 /* TabBarController.swift in Sources */,
				98A706E52B08E3D90007CF4A /* AlarmLabelVC.swift in Sources */,
				9873C3792AEFF6E600E776E2 /* AuthResponce.swift in Sources */,
				98A706E32B08E3AE0007CF4A /* AddAlarmVC.swift in Sources */,
				98A706DD2B08E2CB0007CF4A /* AddAlarmTVC.swift in Sources */,
				98A706CC2B08E1BF0007CF4A /* Notification.swift in Sources */,
				98F550302AFBB4BD00EC0E1B /* ApiCaller.swift in Sources */,
				98A706D32B08E2110007CF4A /* AlarmStore.swift in Sources */,
				98F550352AFBBE1600EC0E1B /* ProfileVC.swift in Sources */,
				98A706DB2B08E2AD0007CF4A /* AlarmOtherTVC.swift in Sources */,
				98A706D72B08E2680007CF4A /* AlarmHeaderView.swift in Sources */,
				98FAA6032AE92D7600AEC16C /* SceneDelegate.swift in Sources */,
			);
			runOnlyForDeploymentPostprocessing = 0;
		};
/* End PBXSourcesBuildPhase section */

/* Begin PBXVariantGroup section */
		98FAA6062AE92D7600AEC16C /* Main.storyboard */ = {
			isa = PBXVariantGroup;
			children = (
				98FAA6072AE92D7600AEC16C /* Base */,
			);
			name = Main.storyboard;
			sourceTree = "<group>";
		};
		98FAA60E2AE92D7800AEC16C /* LaunchScreen.storyboard */ = {
			isa = PBXVariantGroup;
			children = (
				98FAA60F2AE92D7800AEC16C /* Base */,
			);
			name = LaunchScreen.storyboard;
			sourceTree = "<group>";
		};
/* End PBXVariantGroup section */

/* Begin XCBuildConfiguration section */
		98FAA6122AE92D7800AEC16C /* Debug */ = {
			isa = XCBuildConfiguration;
			buildSettings = {
				ALWAYS_SEARCH_USER_PATHS = NO;
				ASSETCATALOG_COMPILER_GENERATE_SWIFT_ASSET_SYMBOL_EXTENSIONS = YES;
				CLANG_ANALYZER_NONNULL = YES;
				CLANG_ANALYZER_NUMBER_OBJECT_CONVERSION = YES_AGGRESSIVE;
				CLANG_CXX_LANGUAGE_STANDARD = "gnu++20";
				CLANG_ENABLE_MODULES = YES;
				CLANG_ENABLE_OBJC_ARC = YES;
				CLANG_ENABLE_OBJC_WEAK = YES;
				CLANG_WARN_BLOCK_CAPTURE_AUTORELEASING = YES;
				CLANG_WARN_BOOL_CONVERSION = YES;
				CLANG_WARN_COMMA = YES;
				CLANG_WARN_CONSTANT_CONVERSION = YES;
				CLANG_WARN_DEPRECATED_OBJC_IMPLEMENTATIONS = YES;
				CLANG_WARN_DIRECT_OBJC_ISA_USAGE = YES_ERROR;
				CLANG_WARN_DOCUMENTATION_COMMENTS = YES;
				CLANG_WARN_EMPTY_BODY = YES;
				CLANG_WARN_ENUM_CONVERSION = YES;
				CLANG_WARN_INFINITE_RECURSION = YES;
				CLANG_WARN_INT_CONVERSION = YES;
				CLANG_WARN_NON_LITERAL_NULL_CONVERSION = YES;
				CLANG_WARN_OBJC_IMPLICIT_RETAIN_SELF = YES;
				CLANG_WARN_OBJC_LITERAL_CONVERSION = YES;
				CLANG_WARN_OBJC_ROOT_CLASS = YES_ERROR;
				CLANG_WARN_QUOTED_INCLUDE_IN_FRAMEWORK_HEADER = YES;
				CLANG_WARN_RANGE_LOOP_ANALYSIS = YES;
				CLANG_WARN_STRICT_PROTOTYPES = YES;
				CLANG_WARN_SUSPICIOUS_MOVE = YES;
				CLANG_WARN_UNGUARDED_AVAILABILITY = YES_AGGRESSIVE;
				CLANG_WARN_UNREACHABLE_CODE = YES;
				CLANG_WARN__DUPLICATE_METHOD_MATCH = YES;
				COPY_PHASE_STRIP = NO;
				DEBUG_INFORMATION_FORMAT = dwarf;
				ENABLE_STRICT_OBJC_MSGSEND = YES;
				ENABLE_TESTABILITY = YES;
				ENABLE_USER_SCRIPT_SANDBOXING = YES;
				GCC_C_LANGUAGE_STANDARD = gnu17;
				GCC_DYNAMIC_NO_PIC = NO;
				GCC_NO_COMMON_BLOCKS = YES;
				GCC_OPTIMIZATION_LEVEL = 0;
				GCC_PREPROCESSOR_DEFINITIONS = (
					"DEBUG=1",
					"$(inherited)",
				);
				GCC_WARN_64_TO_32_BIT_CONVERSION = YES;
				GCC_WARN_ABOUT_RETURN_TYPE = YES_ERROR;
				GCC_WARN_UNDECLARED_SELECTOR = YES;
				GCC_WARN_UNINITIALIZED_AUTOS = YES_AGGRESSIVE;
				GCC_WARN_UNUSED_FUNCTION = YES;
				GCC_WARN_UNUSED_VARIABLE = YES;
				IPHONEOS_DEPLOYMENT_TARGET = 17.0;
				LOCALIZATION_PREFERS_STRING_CATALOGS = YES;
				MTL_ENABLE_DEBUG_INFO = INCLUDE_SOURCE;
				MTL_FAST_MATH = YES;
				ONLY_ACTIVE_ARCH = YES;
				SDKROOT = iphoneos;
				SWIFT_ACTIVE_COMPILATION_CONDITIONS = "DEBUG $(inherited)";
				SWIFT_OPTIMIZATION_LEVEL = "-Onone";
			};
			name = Debug;
		};
		98FAA6132AE92D7800AEC16C /* Release */ = {
			isa = XCBuildConfiguration;
			buildSettings = {
				ALWAYS_SEARCH_USER_PATHS = NO;
				ASSETCATALOG_COMPILER_GENERATE_SWIFT_ASSET_SYMBOL_EXTENSIONS = YES;
				CLANG_ANALYZER_NONNULL = YES;
				CLANG_ANALYZER_NUMBER_OBJECT_CONVERSION = YES_AGGRESSIVE;
				CLANG_CXX_LANGUAGE_STANDARD = "gnu++20";
				CLANG_ENABLE_MODULES = YES;
				CLANG_ENABLE_OBJC_ARC = YES;
				CLANG_ENABLE_OBJC_WEAK = YES;
				CLANG_WARN_BLOCK_CAPTURE_AUTORELEASING = YES;
				CLANG_WARN_BOOL_CONVERSION = YES;
				CLANG_WARN_COMMA = YES;
				CLANG_WARN_CONSTANT_CONVERSION = YES;
				CLANG_WARN_DEPRECATED_OBJC_IMPLEMENTATIONS = YES;
				CLANG_WARN_DIRECT_OBJC_ISA_USAGE = YES_ERROR;
				CLANG_WARN_DOCUMENTATION_COMMENTS = YES;
				CLANG_WARN_EMPTY_BODY = YES;
				CLANG_WARN_ENUM_CONVERSION = YES;
				CLANG_WARN_INFINITE_RECURSION = YES;
				CLANG_WARN_INT_CONVERSION = YES;
				CLANG_WARN_NON_LITERAL_NULL_CONVERSION = YES;
				CLANG_WARN_OBJC_IMPLICIT_RETAIN_SELF = YES;
				CLANG_WARN_OBJC_LITERAL_CONVERSION = YES;
				CLANG_WARN_OBJC_ROOT_CLASS = YES_ERROR;
				CLANG_WARN_QUOTED_INCLUDE_IN_FRAMEWORK_HEADER = YES;
				CLANG_WARN_RANGE_LOOP_ANALYSIS = YES;
				CLANG_WARN_STRICT_PROTOTYPES = YES;
				CLANG_WARN_SUSPICIOUS_MOVE = YES;
				CLANG_WARN_UNGUARDED_AVAILABILITY = YES_AGGRESSIVE;
				CLANG_WARN_UNREACHABLE_CODE = YES;
				CLANG_WARN__DUPLICATE_METHOD_MATCH = YES;
				COPY_PHASE_STRIP = NO;
				DEBUG_INFORMATION_FORMAT = "dwarf-with-dsym";
				ENABLE_NS_ASSERTIONS = NO;
				ENABLE_STRICT_OBJC_MSGSEND = YES;
				ENABLE_USER_SCRIPT_SANDBOXING = YES;
				GCC_C_LANGUAGE_STANDARD = gnu17;
				GCC_NO_COMMON_BLOCKS = YES;
				GCC_WARN_64_TO_32_BIT_CONVERSION = YES;
				GCC_WARN_ABOUT_RETURN_TYPE = YES_ERROR;
				GCC_WARN_UNDECLARED_SELECTOR = YES;
				GCC_WARN_UNINITIALIZED_AUTOS = YES_AGGRESSIVE;
				GCC_WARN_UNUSED_FUNCTION = YES;
				GCC_WARN_UNUSED_VARIABLE = YES;
				IPHONEOS_DEPLOYMENT_TARGET = 17.0;
				LOCALIZATION_PREFERS_STRING_CATALOGS = YES;
				MTL_ENABLE_DEBUG_INFO = NO;
				MTL_FAST_MATH = YES;
				SDKROOT = iphoneos;
				SWIFT_COMPILATION_MODE = wholemodule;
				VALIDATE_PRODUCT = YES;
			};
			name = Release;
		};
		98FAA6152AE92D7800AEC16C /* Debug */ = {
			isa = XCBuildConfiguration;
			buildSettings = {
				ASSETCATALOG_COMPILER_APPICON_NAME = AppIcon;
				ASSETCATALOG_COMPILER_GLOBAL_ACCENT_COLOR_NAME = AccentColor;
				ASSETCATALOG_COMPILER_INCLUDE_ALL_APPICON_ASSETS = NO;
				CODE_SIGN_STYLE = Automatic;
				CURRENT_PROJECT_VERSION = 1;
				DEVELOPMENT_TEAM = MCK9LL98Q8;
				GENERATE_INFOPLIST_FILE = YES;
				INFOPLIST_FILE = Clocky/Info.plist;
				INFOPLIST_KEY_LSApplicationCategoryType = "public.app-category.utilities";
				INFOPLIST_KEY_UIApplicationSupportsIndirectInputEvents = YES;
				INFOPLIST_KEY_UILaunchStoryboardName = Main.storyboard;
				INFOPLIST_KEY_UIMainStoryboardFile = WelcomeStoryboard;
				INFOPLIST_KEY_UISupportedInterfaceOrientations = UIInterfaceOrientationPortrait;
				LD_RUNPATH_SEARCH_PATHS = (
					"$(inherited)",
					"@executable_path/Frameworks",
				);
				MARKETING_VERSION = 1.0;
				PRODUCT_BUNDLE_IDENTIFIER = com.myApp.Clocky;
				PRODUCT_NAME = "$(TARGET_NAME)";
				SUPPORTED_PLATFORMS = "iphoneos iphonesimulator";
				SUPPORTS_MACCATALYST = NO;
				SUPPORTS_MAC_DESIGNED_FOR_IPHONE_IPAD = NO;
				SWIFT_EMIT_LOC_STRINGS = YES;
				SWIFT_VERSION = 5.0;
				TARGETED_DEVICE_FAMILY = 1;
			};
			name = Debug;
		};
		98FAA6162AE92D7800AEC16C /* Release */ = {
			isa = XCBuildConfiguration;
			buildSettings = {
				ASSETCATALOG_COMPILER_APPICON_NAME = AppIcon;
				ASSETCATALOG_COMPILER_GLOBAL_ACCENT_COLOR_NAME = AccentColor;
				ASSETCATALOG_COMPILER_INCLUDE_ALL_APPICON_ASSETS = NO;
				CODE_SIGN_STYLE = Automatic;
				CURRENT_PROJECT_VERSION = 1;
				DEVELOPMENT_TEAM = MCK9LL98Q8;
				GENERATE_INFOPLIST_FILE = YES;
				INFOPLIST_FILE = Clocky/Info.plist;
				INFOPLIST_KEY_LSApplicationCategoryType = "public.app-category.utilities";
				INFOPLIST_KEY_UIApplicationSupportsIndirectInputEvents = YES;
				INFOPLIST_KEY_UILaunchStoryboardName = Main.storyboard;
				INFOPLIST_KEY_UIMainStoryboardFile = WelcomeStoryboard;
				INFOPLIST_KEY_UISupportedInterfaceOrientations = UIInterfaceOrientationPortrait;
				LD_RUNPATH_SEARCH_PATHS = (
					"$(inherited)",
					"@executable_path/Frameworks",
				);
				MARKETING_VERSION = 1.0;
				PRODUCT_BUNDLE_IDENTIFIER = com.myApp.Clocky;
				PRODUCT_NAME = "$(TARGET_NAME)";
				SUPPORTED_PLATFORMS = "iphoneos iphonesimulator";
				SUPPORTS_MACCATALYST = NO;
				SUPPORTS_MAC_DESIGNED_FOR_IPHONE_IPAD = NO;
				SWIFT_EMIT_LOC_STRINGS = YES;
				SWIFT_VERSION = 5.0;
				TARGETED_DEVICE_FAMILY = 1;
			};
			name = Release;
		};
/* End XCBuildConfiguration section */

/* Begin XCConfigurationList section */
		98FAA5F82AE92D7600AEC16C /* Build configuration list for PBXProject "Clocky" */ = {
			isa = XCConfigurationList;
			buildConfigurations = (
				98FAA6122AE92D7800AEC16C /* Debug */,
				98FAA6132AE92D7800AEC16C /* Release */,
			);
			defaultConfigurationIsVisible = 0;
			defaultConfigurationName = Release;
		};
		98FAA6142AE92D7800AEC16C /* Build configuration list for PBXNativeTarget "Clocky" */ = {
			isa = XCConfigurationList;
			buildConfigurations = (
				98FAA6152AE92D7800AEC16C /* Debug */,
				98FAA6162AE92D7800AEC16C /* Release */,
			);
			defaultConfigurationIsVisible = 0;
			defaultConfigurationName = Release;
		};
/* End XCConfigurationList section */

/* Begin XCRemoteSwiftPackageReference section */
		9826CF142B026C52003942C8 /* XCRemoteSwiftPackageReference "AlamofireImage" */ = {
			isa = XCRemoteSwiftPackageReference;
			repositoryURL = "https://github.com/Alamofire/AlamofireImage.git";
			requirement = {
				kind = upToNextMajorVersion;
				minimumVersion = 4.3.0;
			};
		};
		9873C3742AEFEBCF00E776E2 /* XCRemoteSwiftPackageReference "Alamofire" */ = {
			isa = XCRemoteSwiftPackageReference;
			repositoryURL = "https://github.com/Alamofire/Alamofire.git";
			requirement = {
				kind = upToNextMajorVersion;
				minimumVersion = 5.8.1;
			};
		};
		98A706EA2B08E4E10007CF4A /* XCRemoteSwiftPackageReference "SnapKit" */ = {
			isa = XCRemoteSwiftPackageReference;
			repositoryURL = "https://github.com/SnapKit/SnapKit.git";
			requirement = {
				kind = upToNextMajorVersion;
				minimumVersion = 5.6.0;
			};
		};
/* End XCRemoteSwiftPackageReference section */

/* Begin XCSwiftPackageProductDependency section */
		9826CF152B026C52003942C8 /* AlamofireImage */ = {
			isa = XCSwiftPackageProductDependency;
			package = 9826CF142B026C52003942C8 /* XCRemoteSwiftPackageReference "AlamofireImage" */;
			productName = AlamofireImage;
		};
		9873C3752AEFEBCF00E776E2 /* Alamofire */ = {
			isa = XCSwiftPackageProductDependency;
			package = 9873C3742AEFEBCF00E776E2 /* XCRemoteSwiftPackageReference "Alamofire" */;
			productName = Alamofire;
		};
		98A706EB2B08E4E10007CF4A /* SnapKit */ = {
			isa = XCSwiftPackageProductDependency;
			package = 98A706EA2B08E4E10007CF4A /* XCRemoteSwiftPackageReference "SnapKit" */;
			productName = SnapKit;
		};
/* End XCSwiftPackageProductDependency section */
	};
	rootObject = 98FAA5F52AE92D7600AEC16C /* Project object */;
}
